
Microsoft Visual Studio Solution File, Format Version 11.00
# Visual Studio 2010
Project("{FAE04EC0-301F-11D3-BF4B-00C04F79EFBC}") = "motion_REC_Test", "Assembly-CSharp.csproj", "{7F439999-C6C2-F9C2-64A3-234225E657EC}"
EndProject
Project("{FAE04EC0-301F-11D3-BF4B-00C04F79EFBC}") = "motion_REC_Test", "Assembly-CSharp-firstpass.csproj", "{3B2FA24C-BF3D-0595-AB8E-E2285C7F339E}"
EndProject
Project("{FAE04EC0-301F-11D3-BF4B-00C04F79EFBC}") = "motion_REC_Test", "Assembly-CSharp-Editor.csproj", "{196928BE-D9E1-CC5D-BB15-0CCA84F4AFBA}"
EndProject
Project("{FAE04EC0-301F-11D3-BF4B-00C04F79EFBC}") = "motion_REC_Test", "Assembly-CSharp-Editor-firstpass.csproj", "{5DE7D3DD-0F63-CEE4-E139-51F97E917BB3}"
EndProject
Global
	GlobalSection(SolutionConfigurationPlatforms) = preSolution
		Debug|Any CPU = Debug|Any CPU
		Release|Any CPU = Release|Any CPU
	EndGlobalSection
	GlobalSection(ProjectConfigurationPlatforms) = postSolution
		{7F439999-C6C2-F9C2-64A3-234225E657EC}.Debug|Any CPU.ActiveCfg = Debug|Any CPU
		{7F439999-C6C2-F9C2-64A3-234225E657EC}.Debug|Any CPU.Build.0 = Debug|Any CPU
		{7F439999-C6C2-F9C2-64A3-234225E657EC}.Release|Any CPU.ActiveCfg = Release|Any CPU
		{7F439999-C6C2-F9C2-64A3-234225E657EC}.Release|Any CPU.Build.0 = Release|Any CPU
		{3B2FA24C-BF3D-0595-AB8E-E2285C7F339E}.Debug|Any CPU.ActiveCfg = Debug|Any CPU
		{3B2FA24C-BF3D-0595-AB8E-E2285C7F339E}.Debug|Any CPU.Build.0 = Debug|Any CPU
		{3B2FA24C-BF3D-0595-AB8E-E2285C7F339E}.Release|Any CPU.ActiveCfg = Release|Any CPU
		{3B2FA24C-BF3D-0595-AB8E-E2285C7F339E}.Release|Any CPU.Build.0 = Release|Any CPU
		{196928BE-D9E1-CC5D-BB15-0CCA84F4AFBA}.Debug|Any CPU.ActiveCfg = Debug|Any CPU
		{196928BE-D9E1-CC5D-BB15-0CCA84F4AFBA}.Debug|Any CPU.Build.0 = Debug|Any CPU
		{196928BE-D9E1-CC5D-BB15-0CCA84F4AFBA}.Release|Any CPU.ActiveCfg = Release|Any CPU
		{196928BE-D9E1-CC5D-BB15-0CCA84F4AFBA}.Release|Any CPU.Build.0 = Release|Any CPU
		{5DE7D3DD-0F63-CEE4-E139-51F97E917BB3}.Debug|Any CPU.ActiveCfg = Debug|Any CPU
		{5DE7D3DD-0F63-CEE4-E139-51F97E917BB3}.Debug|Any CPU.Build.0 = Debug|Any CPU
		{5DE7D3DD-0F63-CEE4-E139-51F97E917BB3}.Release|Any CPU.ActiveCfg = Release|Any CPU
		{5DE7D3DD-0F63-CEE4-E139-51F97E917BB3}.Release|Any CPU.Build.0 = Release|Any CPU
	EndGlobalSection
	GlobalSection(SolutionProperties) = preSolution
		HideSolutionNode = FALSE
	EndGlobalSection
	GlobalSection(MonoDevelopProperties) = preSolution
		StartupItem = Assembly-CSharp.csproj
	EndGlobalSection
EndGlobal
