
Microsoft Visual Studio Solution File, Format Version 11.00
# Visual Studio 2010
Project("{FAE04EC0-301F-11D3-BF4B-00C04F79EFBC}") = "motion_REC_09.17", "Assembly-CSharp.csproj", "{7849A710-AE66-FC9D-B7A2-17FD8F78A836}"
EndProject
Project("{FAE04EC0-301F-11D3-BF4B-00C04F79EFBC}") = "motion_REC_09.17", "Assembly-CSharp-firstpass.csproj", "{11C731BF-E48F-CFBC-E76D-6F1FAEA4D566}"
EndProject
Project("{FAE04EC0-301F-11D3-BF4B-00C04F79EFBC}") = "motion_REC_09.17", "Assembly-CSharp-Editor.csproj", "{28BADC5B-9ADD-8989-99D6-7DF32E75FA6C}"
EndProject
Project("{FAE04EC0-301F-11D3-BF4B-00C04F79EFBC}") = "motion_REC_09.17", "Assembly-CSharp-Editor-firstpass.csproj", "{F799CC16-E75D-2F59-1A17-B524DA2F73BF}"
EndProject
Global
	GlobalSection(SolutionConfigurationPlatforms) = preSolution
		Debug|Any CPU = Debug|Any CPU
		Release|Any CPU = Release|Any CPU
	EndGlobalSection
	GlobalSection(ProjectConfigurationPlatforms) = postSolution
		{7849A710-AE66-FC9D-B7A2-17FD8F78A836}.Debug|Any CPU.ActiveCfg = Debug|Any CPU
		{7849A710-AE66-FC9D-B7A2-17FD8F78A836}.Debug|Any CPU.Build.0 = Debug|Any CPU
		{7849A710-AE66-FC9D-B7A2-17FD8F78A836}.Release|Any CPU.ActiveCfg = Release|Any CPU
		{7849A710-AE66-FC9D-B7A2-17FD8F78A836}.Release|Any CPU.Build.0 = Release|Any CPU
		{11C731BF-E48F-CFBC-E76D-6F1FAEA4D566}.Debug|Any CPU.ActiveCfg = Debug|Any CPU
		{11C731BF-E48F-CFBC-E76D-6F1FAEA4D566}.Debug|Any CPU.Build.0 = Debug|Any CPU
		{11C731BF-E48F-CFBC-E76D-6F1FAEA4D566}.Release|Any CPU.ActiveCfg = Release|Any CPU
		{11C731BF-E48F-CFBC-E76D-6F1FAEA4D566}.Release|Any CPU.Build.0 = Release|Any CPU
		{28BADC5B-9ADD-8989-99D6-7DF32E75FA6C}.Debug|Any CPU.ActiveCfg = Debug|Any CPU
		{28BADC5B-9ADD-8989-99D6-7DF32E75FA6C}.Debug|Any CPU.Build.0 = Debug|Any CPU
		{28BADC5B-9ADD-8989-99D6-7DF32E75FA6C}.Release|Any CPU.ActiveCfg = Release|Any CPU
		{28BADC5B-9ADD-8989-99D6-7DF32E75FA6C}.Release|Any CPU.Build.0 = Release|Any CPU
		{F799CC16-E75D-2F59-1A17-B524DA2F73BF}.Debug|Any CPU.ActiveCfg = Debug|Any CPU
		{F799CC16-E75D-2F59-1A17-B524DA2F73BF}.Debug|Any CPU.Build.0 = Debug|Any CPU
		{F799CC16-E75D-2F59-1A17-B524DA2F73BF}.Release|Any CPU.ActiveCfg = Release|Any CPU
		{F799CC16-E75D-2F59-1A17-B524DA2F73BF}.Release|Any CPU.Build.0 = Release|Any CPU
	EndGlobalSection
	GlobalSection(SolutionProperties) = preSolution
		HideSolutionNode = FALSE
	EndGlobalSection
	GlobalSection(MonoDevelopProperties) = preSolution
		StartupItem = Assembly-CSharp.csproj
	EndGlobalSection
EndGlobal
